
Microsoft Visual Studio Solution File, Format Version 12.00
# Visual Studio Version 16
VisualStudioVersion = 16.0.32126.315
MinimumVisualStudioVersion = 10.0.40219.1
Project("{FAE04EC0-301F-11D3-BF4B-00C04F79EFBC}") = "VisualProgrammingLab1", "VisualProgrammingLab1.csproj", "{14E30B07-B9AF-470D-98A5-C73BD4449750}"
EndProject
Global
	GlobalSection(SolutionConfigurationPlatforms) = preSolution
		Debug|Any CPU = Debug|Any CPU
		Release|Any CPU = Release|Any CPU
	EndGlobalSection
	GlobalSection(ProjectConfigurationPlatforms) = postSolution
		{14E30B07-B9AF-470D-98A5-C73BD4449750}.Debug|Any CPU.ActiveCfg = Debug|Any CPU
		{14E30B07-B9AF-470D-98A5-C73BD4449750}.Debug|Any CPU.Build.0 = Debug|Any CPU
		{14E30B07-B9AF-470D-98A5-C73BD4449750}.Release|Any CPU.ActiveCfg = Release|Any CPU
		{14E30B07-B9AF-470D-98A5-C73BD4449750}.Release|Any CPU.Build.0 = Release|Any CPU
	EndGlobalSection
	GlobalSection(SolutionProperties) = preSolution
		HideSolutionNode = FALSE
	EndGlobalSection
	GlobalSection(ExtensibilityGlobals) = postSolution
		SolutionGuid = {0A5F3DEE-BABA-4D28-8D44-738D3FCED682}
	EndGlobalSection
EndGlobal
